
Microsoft Visual Studio Solution File, Format Version 12.00
# Visual Studio Version 17
VisualStudioVersion = 17.8.34330.188
MinimumVisualStudioVersion = 10.0.40219.1
Project("{FAE04EC0-301F-11D3-BF4B-00C04F79EFBC}") = "UI-Console", "UI-Console\UI-Console.csproj", "{00AA6C25-E0BA-4EB3-AB00-DC5A3C44487F}"
EndProject
Project("{FAE04EC0-301F-11D3-BF4B-00C04F79EFBC}") = "Services", "Services\Services.csproj", "{9F3CE983-DF0F-4F2F-A0EC-52522565A14A}"
EndProject
Project("{FAE04EC0-301F-11D3-BF4B-00C04F79EFBC}") = "Domain", "Domain\Domain.csproj", "{B2E2EFEB-9B42-4A52-A3AD-0815E7597BAD}"
EndProject
Project("{FAE04EC0-301F-11D3-BF4B-00C04F79EFBC}") = "Logic", "Logic\Logic.csproj", "{283454EB-8503-42CB-9287-FF3B080F1F22}"
EndProject
Project("{FAE04EC0-301F-11D3-BF4B-00C04F79EFBC}") = "Dao", "Dao\Dao.csproj", "{0785B123-8C33-43AD-8B4A-4111365031A3}"
EndProject
Global
	GlobalSection(SolutionConfigurationPlatforms) = preSolution
		Debug|Any CPU = Debug|Any CPU
		Release|Any CPU = Release|Any CPU
	EndGlobalSection
	GlobalSection(ProjectConfigurationPlatforms) = postSolution
		{00AA6C25-E0BA-4EB3-AB00-DC5A3C44487F}.Debug|Any CPU.ActiveCfg = Debug|Any CPU
		{00AA6C25-E0BA-4EB3-AB00-DC5A3C44487F}.Debug|Any CPU.Build.0 = Debug|Any CPU
		{00AA6C25-E0BA-4EB3-AB00-DC5A3C44487F}.Release|Any CPU.ActiveCfg = Release|Any CPU
		{00AA6C25-E0BA-4EB3-AB00-DC5A3C44487F}.Release|Any CPU.Build.0 = Release|Any CPU
		{9F3CE983-DF0F-4F2F-A0EC-52522565A14A}.Debug|Any CPU.ActiveCfg = Debug|Any CPU
		{9F3CE983-DF0F-4F2F-A0EC-52522565A14A}.Debug|Any CPU.Build.0 = Debug|Any CPU
		{9F3CE983-DF0F-4F2F-A0EC-52522565A14A}.Release|Any CPU.ActiveCfg = Release|Any CPU
		{9F3CE983-DF0F-4F2F-A0EC-52522565A14A}.Release|Any CPU.Build.0 = Release|Any CPU
		{B2E2EFEB-9B42-4A52-A3AD-0815E7597BAD}.Debug|Any CPU.ActiveCfg = Debug|Any CPU
		{B2E2EFEB-9B42-4A52-A3AD-0815E7597BAD}.Debug|Any CPU.Build.0 = Debug|Any CPU
		{B2E2EFEB-9B42-4A52-A3AD-0815E7597BAD}.Release|Any CPU.ActiveCfg = Release|Any CPU
		{B2E2EFEB-9B42-4A52-A3AD-0815E7597BAD}.Release|Any CPU.Build.0 = Release|Any CPU
		{283454EB-8503-42CB-9287-FF3B080F1F22}.Debug|Any CPU.ActiveCfg = Debug|Any CPU
		{283454EB-8503-42CB-9287-FF3B080F1F22}.Debug|Any CPU.Build.0 = Debug|Any CPU
		{283454EB-8503-42CB-9287-FF3B080F1F22}.Release|Any CPU.ActiveCfg = Release|Any CPU
		{283454EB-8503-42CB-9287-FF3B080F1F22}.Release|Any CPU.Build.0 = Release|Any CPU
		{0785B123-8C33-43AD-8B4A-4111365031A3}.Debug|Any CPU.ActiveCfg = Debug|Any CPU
		{0785B123-8C33-43AD-8B4A-4111365031A3}.Debug|Any CPU.Build.0 = Debug|Any CPU
		{0785B123-8C33-43AD-8B4A-4111365031A3}.Release|Any CPU.ActiveCfg = Release|Any CPU
		{0785B123-8C33-43AD-8B4A-4111365031A3}.Release|Any CPU.Build.0 = Release|Any CPU
	EndGlobalSection
	GlobalSection(SolutionProperties) = preSolution
		HideSolutionNode = FALSE
	EndGlobalSection
	GlobalSection(ExtensibilityGlobals) = postSolution
		SolutionGuid = {8A12D8B1-0965-47DD-9923-4DC6DD9846AA}
	EndGlobalSection
EndGlobal
